
Microsoft Visual Studio Solution File, Format Version 12.00
# Visual Studio 15
VisualStudioVersion = 15.0.28307.102
MinimumVisualStudioVersion = 10.0.40219.1
Project("{FAE04EC0-301F-11D3-BF4B-00C04F79EFBC}") = "PhysicsSim", "PhysicsSim\PhysicsSim.csproj", "{890FFD53-539D-466E-8F9B-325D70FB2587}"
EndProject
Project("{FAE04EC0-301F-11D3-BF4B-00C04F79EFBC}") = "Model", "Model\Model.csproj", "{06D3D6C7-A03D-479A-A49F-E5FDA93C220E}"
EndProject
Project("{FAE04EC0-301F-11D3-BF4B-00C04F79EFBC}") = "Console", "Console\Console.csproj", "{D36914C8-1E23-4EF1-A0F6-54BA5B26B7CB}"
EndProject
Project("{FAE04EC0-301F-11D3-BF4B-00C04F79EFBC}") = "ModelTest", "ModelTest\ModelTest.csproj", "{83337A40-53CC-4463-9F5F-9545F28C2722}"
EndProject
Global
	GlobalSection(SolutionConfigurationPlatforms) = preSolution
		Debug|Any CPU = Debug|Any CPU
		Release|Any CPU = Release|Any CPU
	EndGlobalSection
	GlobalSection(ProjectConfigurationPlatforms) = postSolution
		{890FFD53-539D-466E-8F9B-325D70FB2587}.Debug|Any CPU.ActiveCfg = Debug|Any CPU
		{890FFD53-539D-466E-8F9B-325D70FB2587}.Debug|Any CPU.Build.0 = Debug|Any CPU
		{890FFD53-539D-466E-8F9B-325D70FB2587}.Release|Any CPU.ActiveCfg = Release|Any CPU
		{890FFD53-539D-466E-8F9B-325D70FB2587}.Release|Any CPU.Build.0 = Release|Any CPU
		{06D3D6C7-A03D-479A-A49F-E5FDA93C220E}.Debug|Any CPU.ActiveCfg = Debug|Any CPU
		{06D3D6C7-A03D-479A-A49F-E5FDA93C220E}.Debug|Any CPU.Build.0 = Debug|Any CPU
		{06D3D6C7-A03D-479A-A49F-E5FDA93C220E}.Release|Any CPU.ActiveCfg = Release|Any CPU
		{06D3D6C7-A03D-479A-A49F-E5FDA93C220E}.Release|Any CPU.Build.0 = Release|Any CPU
		{D36914C8-1E23-4EF1-A0F6-54BA5B26B7CB}.Debug|Any CPU.ActiveCfg = Debug|Any CPU
		{D36914C8-1E23-4EF1-A0F6-54BA5B26B7CB}.Debug|Any CPU.Build.0 = Debug|Any CPU
		{D36914C8-1E23-4EF1-A0F6-54BA5B26B7CB}.Release|Any CPU.ActiveCfg = Release|Any CPU
		{D36914C8-1E23-4EF1-A0F6-54BA5B26B7CB}.Release|Any CPU.Build.0 = Release|Any CPU
		{83337A40-53CC-4463-9F5F-9545F28C2722}.Debug|Any CPU.ActiveCfg = Debug|Any CPU
		{83337A40-53CC-4463-9F5F-9545F28C2722}.Debug|Any CPU.Build.0 = Debug|Any CPU
		{83337A40-53CC-4463-9F5F-9545F28C2722}.Release|Any CPU.ActiveCfg = Release|Any CPU
		{83337A40-53CC-4463-9F5F-9545F28C2722}.Release|Any CPU.Build.0 = Release|Any CPU
	EndGlobalSection
	GlobalSection(SolutionProperties) = preSolution
		HideSolutionNode = FALSE
	EndGlobalSection
	GlobalSection(ExtensibilityGlobals) = postSolution
		SolutionGuid = {095B770F-1330-4788-A28C-D1F4A97FDB04}
	EndGlobalSection
EndGlobal
