
Microsoft Visual Studio Solution File, Format Version 12.00
# Visual Studio 15
VisualStudioVersion = 15.0.28307.102
MinimumVisualStudioVersion = 10.0.40219.1
Project("{FAE04EC0-301F-11D3-BF4B-00C04F79EFBC}") = "PhysicsSim", "PhysicsSim\PhysicsSim.csproj", "{890FFD53-539D-466E-8F9B-325D70FB2587}"
EndProject
Project("{FAE04EC0-301F-11D3-BF4B-00C04F79EFBC}") = "Model", "Model\Model.csproj", "{06D3D6C7-A03D-479A-A49F-E5FDA93C220E}"
EndProject
Project("{FAE04EC0-301F-11D3-BF4B-00C04F79EFBC}") = "Console", "Console\Console.csproj", "{D36914C8-1E23-4EF1-A0F6-54BA5B26B7CB}"
EndProject
Project("{9A19103F-16F7-4668-BE54-9A1E7A4F7556}") = "ModelTest", "ModelTest\ModelTest.csproj", "{83337A40-53CC-4463-9F5F-9545F28C2722}"
EndProject
Project("{FAE04EC0-301F-11D3-BF4B-00C04F79EFBC}") = "ConsoleImplementation", "ConsoleImplementation\ConsoleImplementation.csproj", "{8F38302E-6B3B-4250-A538-52080BF28679}"
EndProject
Project("{FAE04EC0-301F-11D3-BF4B-00C04F79EFBC}") = "Controller", "Controller\Controller.csproj", "{9C044663-9F65-4001-BDC9-D54AC76FEB67}"
EndProject
Project("{FAE04EC0-301F-11D3-BF4B-00C04F79EFBC}") = "ConsoleTest", "ConsoleTest\ConsoleTest.csproj", "{1210E05E-F40E-4E2E-B78E-32D11A055EAE}"
EndProject
Project("{FAE04EC0-301F-11D3-BF4B-00C04F79EFBC}") = "ConsoleImplementationTest", "ConsoleImplementationTest\ConsoleImplementationTest.csproj", "{3BEF7C35-5F03-4CC1-946E-6B98B7DC8F51}"
EndProject
Project("{FAE04EC0-301F-11D3-BF4B-00C04F79EFBC}") = "ControllerImplementation", "ControllerImplementation\ControllerImplementation.csproj", "{AED90175-1432-4B80-B232-9266E641422B}"
EndProject
Global
	GlobalSection(SolutionConfigurationPlatforms) = preSolution
		Debug|Any CPU = Debug|Any CPU
		Release|Any CPU = Release|Any CPU
	EndGlobalSection
	GlobalSection(ProjectConfigurationPlatforms) = postSolution
		{890FFD53-539D-466E-8F9B-325D70FB2587}.Debug|Any CPU.ActiveCfg = Debug|Any CPU
		{890FFD53-539D-466E-8F9B-325D70FB2587}.Debug|Any CPU.Build.0 = Debug|Any CPU
		{890FFD53-539D-466E-8F9B-325D70FB2587}.Release|Any CPU.ActiveCfg = Release|Any CPU
		{890FFD53-539D-466E-8F9B-325D70FB2587}.Release|Any CPU.Build.0 = Release|Any CPU
		{06D3D6C7-A03D-479A-A49F-E5FDA93C220E}.Debug|Any CPU.ActiveCfg = Debug|Any CPU
		{06D3D6C7-A03D-479A-A49F-E5FDA93C220E}.Debug|Any CPU.Build.0 = Debug|Any CPU
		{06D3D6C7-A03D-479A-A49F-E5FDA93C220E}.Release|Any CPU.ActiveCfg = Release|Any CPU
		{06D3D6C7-A03D-479A-A49F-E5FDA93C220E}.Release|Any CPU.Build.0 = Release|Any CPU
		{D36914C8-1E23-4EF1-A0F6-54BA5B26B7CB}.Debug|Any CPU.ActiveCfg = Debug|Any CPU
		{D36914C8-1E23-4EF1-A0F6-54BA5B26B7CB}.Debug|Any CPU.Build.0 = Debug|Any CPU
		{D36914C8-1E23-4EF1-A0F6-54BA5B26B7CB}.Release|Any CPU.ActiveCfg = Release|Any CPU
		{D36914C8-1E23-4EF1-A0F6-54BA5B26B7CB}.Release|Any CPU.Build.0 = Release|Any CPU
		{83337A40-53CC-4463-9F5F-9545F28C2722}.Debug|Any CPU.ActiveCfg = Debug|Any CPU
		{83337A40-53CC-4463-9F5F-9545F28C2722}.Debug|Any CPU.Build.0 = Debug|Any CPU
		{83337A40-53CC-4463-9F5F-9545F28C2722}.Release|Any CPU.ActiveCfg = Release|Any CPU
		{83337A40-53CC-4463-9F5F-9545F28C2722}.Release|Any CPU.Build.0 = Release|Any CPU
		{8F38302E-6B3B-4250-A538-52080BF28679}.Debug|Any CPU.ActiveCfg = Debug|Any CPU
		{8F38302E-6B3B-4250-A538-52080BF28679}.Debug|Any CPU.Build.0 = Debug|Any CPU
		{8F38302E-6B3B-4250-A538-52080BF28679}.Release|Any CPU.ActiveCfg = Release|Any CPU
		{8F38302E-6B3B-4250-A538-52080BF28679}.Release|Any CPU.Build.0 = Release|Any CPU
		{9C044663-9F65-4001-BDC9-D54AC76FEB67}.Debug|Any CPU.ActiveCfg = Debug|Any CPU
		{9C044663-9F65-4001-BDC9-D54AC76FEB67}.Debug|Any CPU.Build.0 = Debug|Any CPU
		{9C044663-9F65-4001-BDC9-D54AC76FEB67}.Release|Any CPU.ActiveCfg = Release|Any CPU
		{9C044663-9F65-4001-BDC9-D54AC76FEB67}.Release|Any CPU.Build.0 = Release|Any CPU
		{1210E05E-F40E-4E2E-B78E-32D11A055EAE}.Debug|Any CPU.ActiveCfg = Debug|Any CPU
		{1210E05E-F40E-4E2E-B78E-32D11A055EAE}.Debug|Any CPU.Build.0 = Debug|Any CPU
		{1210E05E-F40E-4E2E-B78E-32D11A055EAE}.Release|Any CPU.ActiveCfg = Release|Any CPU
		{1210E05E-F40E-4E2E-B78E-32D11A055EAE}.Release|Any CPU.Build.0 = Release|Any CPU
		{3BEF7C35-5F03-4CC1-946E-6B98B7DC8F51}.Debug|Any CPU.ActiveCfg = Debug|Any CPU
		{3BEF7C35-5F03-4CC1-946E-6B98B7DC8F51}.Debug|Any CPU.Build.0 = Debug|Any CPU
		{3BEF7C35-5F03-4CC1-946E-6B98B7DC8F51}.Release|Any CPU.ActiveCfg = Release|Any CPU
		{3BEF7C35-5F03-4CC1-946E-6B98B7DC8F51}.Release|Any CPU.Build.0 = Release|Any CPU
		{AED90175-1432-4B80-B232-9266E641422B}.Debug|Any CPU.ActiveCfg = Debug|Any CPU
		{AED90175-1432-4B80-B232-9266E641422B}.Debug|Any CPU.Build.0 = Debug|Any CPU
		{AED90175-1432-4B80-B232-9266E641422B}.Release|Any CPU.ActiveCfg = Release|Any CPU
		{AED90175-1432-4B80-B232-9266E641422B}.Release|Any CPU.Build.0 = Release|Any CPU
	EndGlobalSection
	GlobalSection(SolutionProperties) = preSolution
		HideSolutionNode = FALSE
	EndGlobalSection
	GlobalSection(ExtensibilityGlobals) = postSolution
		SolutionGuid = {095B770F-1330-4788-A28C-D1F4A97FDB04}
	EndGlobalSection
EndGlobal
